// !$*UTF8*$!
{
	archiveVersion = 1;
	classes = {
	};
	objectVersion = 46;
	objects = {

/* Begin PBXBuildFile section */
		3B6925E87043977D316A3107 /* Pods_Propty.framework in Frameworks */ = {isa = PBXBuildFile; fileRef = 9D39A0250EAAAA1276BCD57A /* Pods_Propty.framework */; };
		C714BD641CFE359900127023 /* PropertyTableViewCell.swift in Sources */ = {isa = PBXBuildFile; fileRef = C714BD631CFE359900127023 /* PropertyTableViewCell.swift */; };
		C73BFD731CF9CBAC0087C435 /* FoursquareClient.swift in Sources */ = {isa = PBXBuildFile; fileRef = C73BFD721CF9CBAC0087C435 /* FoursquareClient.swift */; };
		C73BFD761CF9CC410087C435 /* FoursquareConstants.swift in Sources */ = {isa = PBXBuildFile; fileRef = C73BFD751CF9CC410087C435 /* FoursquareConstants.swift */; };
		C73BFD781CF9CD610087C435 /* ClientKeys.swift in Sources */ = {isa = PBXBuildFile; fileRef = C73BFD771CF9CD610087C435 /* ClientKeys.swift */; };
		C73BFD7A1CF9E6DC0087C435 /* FoursquareConvenience.swift in Sources */ = {isa = PBXBuildFile; fileRef = C73BFD791CF9E6DC0087C435 /* FoursquareConvenience.swift */; };
		C73BFD7F1CFB08FF0087C435 /* Tip+CoreDataProperties.swift in Sources */ = {isa = PBXBuildFile; fileRef = C73BFD7B1CFB08FF0087C435 /* Tip+CoreDataProperties.swift */; };
		C73BFD801CFB08FF0087C435 /* Tip.swift in Sources */ = {isa = PBXBuildFile; fileRef = C73BFD7C1CFB08FF0087C435 /* Tip.swift */; };
		C73BFD811CFB08FF0087C435 /* Property+CoreDataProperties.swift in Sources */ = {isa = PBXBuildFile; fileRef = C73BFD7D1CFB08FF0087C435 /* Property+CoreDataProperties.swift */; };
		C73BFD821CFB08FF0087C435 /* Property.swift in Sources */ = {isa = PBXBuildFile; fileRef = C73BFD7E1CFB08FF0087C435 /* Property.swift */; };
		C7DA1ADB1CF466B4004C026B /* AppDelegate.swift in Sources */ = {isa = PBXBuildFile; fileRef = C7DA1ADA1CF466B4004C026B /* AppDelegate.swift */; };
		C7DA1ADE1CF466B4004C026B /* Propty.xcdatamodeld in Sources */ = {isa = PBXBuildFile; fileRef = C7DA1ADC1CF466B4004C026B /* Propty.xcdatamodeld */; };
		C7DA1AE01CF466B4004C026B /* PropertyListViewController.swift in Sources */ = {isa = PBXBuildFile; fileRef = C7DA1ADF1CF466B4004C026B /* PropertyListViewController.swift */; };
		C7DA1AE21CF466B4004C026B /* PropertyDetailViewController.swift in Sources */ = {isa = PBXBuildFile; fileRef = C7DA1AE11CF466B4004C026B /* PropertyDetailViewController.swift */; };
		C7DA1AE51CF466B4004C026B /* Main.storyboard in Resources */ = {isa = PBXBuildFile; fileRef = C7DA1AE31CF466B4004C026B /* Main.storyboard */; };
		C7DA1AE71CF466B4004C026B /* Assets.xcassets in Resources */ = {isa = PBXBuildFile; fileRef = C7DA1AE61CF466B4004C026B /* Assets.xcassets */; };
		C7DA1AEA1CF466B4004C026B /* LaunchScreen.storyboard in Resources */ = {isa = PBXBuildFile; fileRef = C7DA1AE81CF466B4004C026B /* LaunchScreen.storyboard */; };
		C7DA1AF21CF4675A004C026B /* GoogleService-Info.plist in Resources */ = {isa = PBXBuildFile; fileRef = C7DA1AF11CF4675A004C026B /* GoogleService-Info.plist */; };
		C7F49AD21CF4697F00DA14AA /* Podfile in Resources */ = {isa = PBXBuildFile; fileRef = C7F49AD11CF4697F00DA14AA /* Podfile */; };
		C7FD163C1CF497BC00B29D51 /* CoreDataStackManager.swift in Sources */ = {isa = PBXBuildFile; fileRef = C7FD163B1CF497BC00B29D51 /* CoreDataStackManager.swift */; };
/* End PBXBuildFile section */

/* Begin PBXFileReference section */
		62273DD3A36B3624681C12FB /* Pods-Propty.release.xcconfig */ = {isa = PBXFileReference; includeInIndex = 1; lastKnownFileType = text.xcconfig; name = "Pods-Propty.release.xcconfig"; path = "Pods/Target Support Files/Pods-Propty/Pods-Propty.release.xcconfig"; sourceTree = "<group>"; };
		7B5630EBB6C7AE04DF453A10 /* Pods-Propty.debug.xcconfig */ = {isa = PBXFileReference; includeInIndex = 1; lastKnownFileType = text.xcconfig; name = "Pods-Propty.debug.xcconfig"; path = "Pods/Target Support Files/Pods-Propty/Pods-Propty.debug.xcconfig"; sourceTree = "<group>"; };
		9D39A0250EAAAA1276BCD57A /* Pods_Propty.framework */ = {isa = PBXFileReference; explicitFileType = wrapper.framework; includeInIndex = 0; path = Pods_Propty.framework; sourceTree = BUILT_PRODUCTS_DIR; };
		C714BD631CFE359900127023 /* PropertyTableViewCell.swift */ = {isa = PBXFileReference; fileEncoding = 4; lastKnownFileType = sourcecode.swift; path = PropertyTableViewCell.swift; sourceTree = "<group>"; };
		C73BFD721CF9CBAC0087C435 /* FoursquareClient.swift */ = {isa = PBXFileReference; fileEncoding = 4; lastKnownFileType = sourcecode.swift; path = FoursquareClient.swift; sourceTree = "<group>"; };
		C73BFD751CF9CC410087C435 /* FoursquareConstants.swift */ = {isa = PBXFileReference; fileEncoding = 4; lastKnownFileType = sourcecode.swift; path = FoursquareConstants.swift; sourceTree = "<group>"; };
		C73BFD771CF9CD610087C435 /* ClientKeys.swift */ = {isa = PBXFileReference; fileEncoding = 4; lastKnownFileType = sourcecode.swift; path = ClientKeys.swift; sourceTree = "<group>"; };
		C73BFD791CF9E6DC0087C435 /* FoursquareConvenience.swift */ = {isa = PBXFileReference; fileEncoding = 4; lastKnownFileType = sourcecode.swift; path = FoursquareConvenience.swift; sourceTree = "<group>"; };
		C73BFD7B1CFB08FF0087C435 /* Tip+CoreDataProperties.swift */ = {isa = PBXFileReference; fileEncoding = 4; lastKnownFileType = sourcecode.swift; path = "Tip+CoreDataProperties.swift"; sourceTree = "<group>"; };
		C73BFD7C1CFB08FF0087C435 /* Tip.swift */ = {isa = PBXFileReference; fileEncoding = 4; lastKnownFileType = sourcecode.swift; path = Tip.swift; sourceTree = "<group>"; };
		C73BFD7D1CFB08FF0087C435 /* Property+CoreDataProperties.swift */ = {isa = PBXFileReference; fileEncoding = 4; lastKnownFileType = sourcecode.swift; path = "Property+CoreDataProperties.swift"; sourceTree = "<group>"; };
		C73BFD7E1CFB08FF0087C435 /* Property.swift */ = {isa = PBXFileReference; fileEncoding = 4; lastKnownFileType = sourcecode.swift; path = Property.swift; sourceTree = "<group>"; };
		C7DA1AD71CF466B4004C026B /* Propty.app */ = {isa = PBXFileReference; explicitFileType = wrapper.application; includeInIndex = 0; path = Propty.app; sourceTree = BUILT_PRODUCTS_DIR; };
		C7DA1ADA1CF466B4004C026B /* AppDelegate.swift */ = {isa = PBXFileReference; lastKnownFileType = sourcecode.swift; path = AppDelegate.swift; sourceTree = "<group>"; };
		C7DA1ADD1CF466B4004C026B /* Propty.xcdatamodel */ = {isa = PBXFileReference; lastKnownFileType = wrapper.xcdatamodel; path = Propty.xcdatamodel; sourceTree = "<group>"; };
		C7DA1ADF1CF466B4004C026B /* PropertyListViewController.swift */ = {isa = PBXFileReference; lastKnownFileType = sourcecode.swift; path = PropertyListViewController.swift; sourceTree = "<group>"; };
		C7DA1AE11CF466B4004C026B /* PropertyDetailViewController.swift */ = {isa = PBXFileReference; lastKnownFileType = sourcecode.swift; path = PropertyDetailViewController.swift; sourceTree = "<group>"; };
		C7DA1AE41CF466B4004C026B /* Base */ = {isa = PBXFileReference; lastKnownFileType = file.storyboard; name = Base; path = Base.lproj/Main.storyboard; sourceTree = "<group>"; };
		C7DA1AE61CF466B4004C026B /* Assets.xcassets */ = {isa = PBXFileReference; lastKnownFileType = folder.assetcatalog; path = Assets.xcassets; sourceTree = "<group>"; };
		C7DA1AE91CF466B4004C026B /* Base */ = {isa = PBXFileReference; lastKnownFileType = file.storyboard; name = Base; path = Base.lproj/LaunchScreen.storyboard; sourceTree = "<group>"; };
		C7DA1AEB1CF466B4004C026B /* Info.plist */ = {isa = PBXFileReference; lastKnownFileType = text.plist.xml; path = Info.plist; sourceTree = "<group>"; };
		C7DA1AF11CF4675A004C026B /* GoogleService-Info.plist */ = {isa = PBXFileReference; fileEncoding = 4; lastKnownFileType = text.plist.xml; path = "GoogleService-Info.plist"; sourceTree = "<group>"; };
		C7F49AD11CF4697F00DA14AA /* Podfile */ = {isa = PBXFileReference; fileEncoding = 4; lastKnownFileType = text; path = Podfile; sourceTree = "<group>"; };
		C7FD163B1CF497BC00B29D51 /* CoreDataStackManager.swift */ = {isa = PBXFileReference; fileEncoding = 4; lastKnownFileType = sourcecode.swift; path = CoreDataStackManager.swift; sourceTree = "<group>"; };
/* End PBXFileReference section */

/* Begin PBXFrameworksBuildPhase section */
		C7DA1AD41CF466B4004C026B /* Frameworks */ = {
			isa = PBXFrameworksBuildPhase;
			buildActionMask = 2147483647;
			files = (
				3B6925E87043977D316A3107 /* Pods_Propty.framework in Frameworks */,
			);
			runOnlyForDeploymentPostprocessing = 0;
		};
/* End PBXFrameworksBuildPhase section */

/* Begin PBXGroup section */
		29266E3B758501E19A3A1514 /* Pods */ = {
			isa = PBXGroup;
			children = (
				7B5630EBB6C7AE04DF453A10 /* Pods-Propty.debug.xcconfig */,
				62273DD3A36B3624681C12FB /* Pods-Propty.release.xcconfig */,
			);
			name = Pods;
			sourceTree = "<group>";
		};
		C714BD651CFE35A000127023 /* View */ = {
			isa = PBXGroup;
			children = (
				C714BD631CFE359900127023 /* PropertyTableViewCell.swift */,
			);
			name = View;
			sourceTree = "<group>";
		};
		C73BFD701CF9CB5A0087C435 /* Model */ = {
			isa = PBXGroup;
			children = (
				C73BFD7B1CFB08FF0087C435 /* Tip+CoreDataProperties.swift */,
				C73BFD7C1CFB08FF0087C435 /* Tip.swift */,
				C73BFD7D1CFB08FF0087C435 /* Property+CoreDataProperties.swift */,
				C73BFD7E1CFB08FF0087C435 /* Property.swift */,
				C7FD163B1CF497BC00B29D51 /* CoreDataStackManager.swift */,
				C7DA1ADC1CF466B4004C026B /* Propty.xcdatamodeld */,
				C73BFD741CF9CBB10087C435 /* Clients */,
			);
			name = Model;
			sourceTree = "<group>";
		};
		C73BFD711CF9CB650087C435 /* Controller */ = {
			isa = PBXGroup;
			children = (
				C7DA1ADF1CF466B4004C026B /* PropertyListViewController.swift */,
				C7DA1AE11CF466B4004C026B /* PropertyDetailViewController.swift */,
			);
			name = Controller;
			sourceTree = "<group>";
		};
		C73BFD741CF9CBB10087C435 /* Clients */ = {
			isa = PBXGroup;
			children = (
				C73BFD721CF9CBAC0087C435 /* FoursquareClient.swift */,
				C73BFD751CF9CC410087C435 /* FoursquareConstants.swift */,
				C73BFD791CF9E6DC0087C435 /* FoursquareConvenience.swift */,
			);
			name = Clients;
			sourceTree = "<group>";
		};
		C7DA1ACE1CF466B4004C026B = {
			isa = PBXGroup;
			children = (
				C7F49AD11CF4697F00DA14AA /* Podfile */,
				C7DA1AD91CF466B4004C026B /* Propty */,
				C7DA1AD81CF466B4004C026B /* Products */,
				29266E3B758501E19A3A1514 /* Pods */,
				E364EC0D72FDDE59CC990EE1 /* Frameworks */,
			);
			sourceTree = "<group>";
		};
		C7DA1AD81CF466B4004C026B /* Products */ = {
			isa = PBXGroup;
			children = (
				C7DA1AD71CF466B4004C026B /* Propty.app */,
			);
			name = Products;
			sourceTree = "<group>";
		};
		C7DA1AD91CF466B4004C026B /* Propty */ = {
			isa = PBXGroup;
			children = (
				C7DA1ADA1CF466B4004C026B /* AppDelegate.swift */,
				C73BFD701CF9CB5A0087C435 /* Model */,
				C73BFD711CF9CB650087C435 /* Controller */,
				C714BD651CFE35A000127023 /* View */,
				C7DA1AE31CF466B4004C026B /* Main.storyboard */,
				C7DA1AE61CF466B4004C026B /* Assets.xcassets */,
				C7DA1AE81CF466B4004C026B /* LaunchScreen.storyboard */,
				C7DA1AEB1CF466B4004C026B /* Info.plist */,
				C7DA1AF11CF4675A004C026B /* GoogleService-Info.plist */,
				C73BFD771CF9CD610087C435 /* ClientKeys.swift */,
			);
			path = Propty;
			sourceTree = "<group>";
		};
		E364EC0D72FDDE59CC990EE1 /* Frameworks */ = {
			isa = PBXGroup;
			children = (
				9D39A0250EAAAA1276BCD57A /* Pods_Propty.framework */,
			);
			name = Frameworks;
			sourceTree = "<group>";
		};
/* End PBXGroup section */

/* Begin PBXNativeTarget section */
		C7DA1AD61CF466B4004C026B /* Propty */ = {
			isa = PBXNativeTarget;
			buildConfigurationList = C7DA1AEE1CF466B4004C026B /* Build configuration list for PBXNativeTarget "Propty" */;
			buildPhases = (
				118494BDC3C1EE79E93CA466 /* 📦 Check Pods Manifest.lock */,
				C7DA1AD31CF466B4004C026B /* Sources */,
				C7DA1AD41CF466B4004C026B /* Frameworks */,
				C7DA1AD51CF466B4004C026B /* Resources */,
				461DB7E664979B3748398AD4 /* 📦 Embed Pods Frameworks */,
				FED630D5F380C3E85BEE7FB3 /* 📦 Copy Pods Resources */,
			);
			buildRules = (
			);
			dependencies = (
			);
			name = Propty;
			productName = Propty;
			productReference = C7DA1AD71CF466B4004C026B /* Propty.app */;
			productType = "com.apple.product-type.application";
		};
/* End PBXNativeTarget section */

/* Begin PBXProject section */
		C7DA1ACF1CF466B4004C026B /* Project object */ = {
			isa = PBXProject;
			attributes = {
				LastSwiftUpdateCheck = 0730;
				LastUpgradeCheck = 0730;
				ORGANIZATIONNAME = "Alp Eren Can";
				TargetAttributes = {
					C7DA1AD61CF466B4004C026B = {
						CreatedOnToolsVersion = 7.3.1;
						DevelopmentTeam = 588YC4XKW5;
					};
				};
			};
			buildConfigurationList = C7DA1AD21CF466B4004C026B /* Build configuration list for PBXProject "Propty" */;
			compatibilityVersion = "Xcode 3.2";
			developmentRegion = English;
			hasScannedForEncodings = 0;
			knownRegions = (
				en,
				Base,
			);
			mainGroup = C7DA1ACE1CF466B4004C026B;
			productRefGroup = C7DA1AD81CF466B4004C026B /* Products */;
			projectDirPath = "";
			projectRoot = "";
			targets = (
				C7DA1AD61CF466B4004C026B /* Propty */,
			);
		};
/* End PBXProject section */

/* Begin PBXResourcesBuildPhase section */
		C7DA1AD51CF466B4004C026B /* Resources */ = {
			isa = PBXResourcesBuildPhase;
			buildActionMask = 2147483647;
			files = (
				C7F49AD21CF4697F00DA14AA /* Podfile in Resources */,
				C7DA1AEA1CF466B4004C026B /* LaunchScreen.storyboard in Resources */,
				C7DA1AF21CF4675A004C026B /* GoogleService-Info.plist in Resources */,
				C7DA1AE71CF466B4004C026B /* Assets.xcassets in Resources */,
				C7DA1AE51CF466B4004C026B /* Main.storyboard in Resources */,
			);
			runOnlyForDeploymentPostprocessing = 0;
		};
/* End PBXResourcesBuildPhase section */

/* Begin PBXShellScriptBuildPhase section */
		118494BDC3C1EE79E93CA466 /* 📦 Check Pods Manifest.lock */ = {
			isa = PBXShellScriptBuildPhase;
			buildActionMask = 2147483647;
			files = (
			);
			inputPaths = (
			);
			name = "📦 Check Pods Manifest.lock";
			outputPaths = (
			);
			runOnlyForDeploymentPostprocessing = 0;
			shellPath = /bin/sh;
			shellScript = "diff \"${PODS_ROOT}/../Podfile.lock\" \"${PODS_ROOT}/Manifest.lock\" > /dev/null\nif [[ $? != 0 ]] ; then\n    cat << EOM\nerror: The sandbox is not in sync with the Podfile.lock. Run 'pod install' or update your CocoaPods installation.\nEOM\n    exit 1\nfi\n";
			showEnvVarsInLog = 0;
		};
		461DB7E664979B3748398AD4 /* 📦 Embed Pods Frameworks */ = {
			isa = PBXShellScriptBuildPhase;
			buildActionMask = 2147483647;
			files = (
			);
			inputPaths = (
			);
			name = "📦 Embed Pods Frameworks";
			outputPaths = (
			);
			runOnlyForDeploymentPostprocessing = 0;
			shellPath = /bin/sh;
			shellScript = "\"${SRCROOT}/Pods/Target Support Files/Pods-Propty/Pods-Propty-frameworks.sh\"\n";
			showEnvVarsInLog = 0;
		};
		FED630D5F380C3E85BEE7FB3 /* 📦 Copy Pods Resources */ = {
			isa = PBXShellScriptBuildPhase;
			buildActionMask = 2147483647;
			files = (
			);
			inputPaths = (
			);
			name = "📦 Copy Pods Resources";
			outputPaths = (
			);
			runOnlyForDeploymentPostprocessing = 0;
			shellPath = /bin/sh;
			shellScript = "\"${SRCROOT}/Pods/Target Support Files/Pods-Propty/Pods-Propty-resources.sh\"\n";
			showEnvVarsInLog = 0;
		};
/* End PBXShellScriptBuildPhase section */

/* Begin PBXSourcesBuildPhase section */
		C7DA1AD31CF466B4004C026B /* Sources */ = {
			isa = PBXSourcesBuildPhase;
			buildActionMask = 2147483647;
			files = (
				C714BD641CFE359900127023 /* PropertyTableViewCell.swift in Sources */,
				C7DA1ADB1CF466B4004C026B /* AppDelegate.swift in Sources */,
				C73BFD801CFB08FF0087C435 /* Tip.swift in Sources */,
				C73BFD7F1CFB08FF0087C435 /* Tip+CoreDataProperties.swift in Sources */,
				C7DA1ADE1CF466B4004C026B /* Propty.xcdatamodeld in Sources */,
				C7DA1AE01CF466B4004C026B /* PropertyListViewController.swift in Sources */,
				C7FD163C1CF497BC00B29D51 /* CoreDataStackManager.swift in Sources */,
				C73BFD821CFB08FF0087C435 /* Property.swift in Sources */,
				C7DA1AE21CF466B4004C026B /* PropertyDetailViewController.swift in Sources */,
				C73BFD731CF9CBAC0087C435 /* FoursquareClient.swift in Sources */,
				C73BFD811CFB08FF0087C435 /* Property+CoreDataProperties.swift in Sources */,
				C73BFD7A1CF9E6DC0087C435 /* FoursquareConvenience.swift in Sources */,
				C73BFD781CF9CD610087C435 /* ClientKeys.swift in Sources */,
				C73BFD761CF9CC410087C435 /* FoursquareConstants.swift in Sources */,
			);
			runOnlyForDeploymentPostprocessing = 0;
		};
/* End PBXSourcesBuildPhase section */

/* Begin PBXVariantGroup section */
		C7DA1AE31CF466B4004C026B /* Main.storyboard */ = {
			isa = PBXVariantGroup;
			children = (
				C7DA1AE41CF466B4004C026B /* Base */,
			);
			name = Main.storyboard;
			sourceTree = "<group>";
		};
		C7DA1AE81CF466B4004C026B /* LaunchScreen.storyboard */ = {
			isa = PBXVariantGroup;
			children = (
				C7DA1AE91CF466B4004C026B /* Base */,
			);
			name = LaunchScreen.storyboard;
			sourceTree = "<group>";
		};
/* End PBXVariantGroup section */

/* Begin XCBuildConfiguration section */
		C7DA1AEC1CF466B4004C026B /* Debug */ = {
			isa = XCBuildConfiguration;
			buildSettings = {
				ALWAYS_SEARCH_USER_PATHS = NO;
				CLANG_ANALYZER_NONNULL = YES;
				CLANG_CXX_LANGUAGE_STANDARD = "gnu++0x";
				CLANG_CXX_LIBRARY = "libc++";
				CLANG_ENABLE_MODULES = YES;
				CLANG_ENABLE_OBJC_ARC = YES;
				CLANG_WARN_BOOL_CONVERSION = YES;
				CLANG_WARN_CONSTANT_CONVERSION = YES;
				CLANG_WARN_DIRECT_OBJC_ISA_USAGE = YES_ERROR;
				CLANG_WARN_EMPTY_BODY = YES;
				CLANG_WARN_ENUM_CONVERSION = YES;
				CLANG_WARN_INT_CONVERSION = YES;
				CLANG_WARN_OBJC_ROOT_CLASS = YES_ERROR;
				CLANG_WARN_UNREACHABLE_CODE = YES;
				CLANG_WARN__DUPLICATE_METHOD_MATCH = YES;
				"CODE_SIGN_IDENTITY[sdk=iphoneos*]" = "iPhone Developer";
				COPY_PHASE_STRIP = NO;
				DEBUG_INFORMATION_FORMAT = dwarf;
				ENABLE_STRICT_OBJC_MSGSEND = YES;
				ENABLE_TESTABILITY = YES;
				GCC_C_LANGUAGE_STANDARD = gnu99;
				GCC_DYNAMIC_NO_PIC = NO;
				GCC_NO_COMMON_BLOCKS = YES;
				GCC_OPTIMIZATION_LEVEL = 0;
				GCC_PREPROCESSOR_DEFINITIONS = (
					"DEBUG=1",
					"$(inherited)",
				);
				GCC_WARN_64_TO_32_BIT_CONVERSION = YES;
				GCC_WARN_ABOUT_RETURN_TYPE = YES_ERROR;
				GCC_WARN_UNDECLARED_SELECTOR = YES;
				GCC_WARN_UNINITIALIZED_AUTOS = YES_AGGRESSIVE;
				GCC_WARN_UNUSED_FUNCTION = YES;
				GCC_WARN_UNUSED_VARIABLE = YES;
				IPHONEOS_DEPLOYMENT_TARGET = 9.3;
				MTL_ENABLE_DEBUG_INFO = YES;
				ONLY_ACTIVE_ARCH = YES;
				SDKROOT = iphoneos;
				SWIFT_OPTIMIZATION_LEVEL = "-Onone";
				TARGETED_DEVICE_FAMILY = "1,2";
			};
			name = Debug;
		};
		C7DA1AED1CF466B4004C026B /* Release */ = {
			isa = XCBuildConfiguration;
			buildSettings = {
				ALWAYS_SEARCH_USER_PATHS = NO;
				CLANG_ANALYZER_NONNULL = YES;
				CLANG_CXX_LANGUAGE_STANDARD = "gnu++0x";
				CLANG_CXX_LIBRARY = "libc++";
				CLANG_ENABLE_MODULES = YES;
				CLANG_ENABLE_OBJC_ARC = YES;
				CLANG_WARN_BOOL_CONVERSION = YES;
				CLANG_WARN_CONSTANT_CONVERSION = YES;
				CLANG_WARN_DIRECT_OBJC_ISA_USAGE = YES_ERROR;
				CLANG_WARN_EMPTY_BODY = YES;
				CLANG_WARN_ENUM_CONVERSION = YES;
				CLANG_WARN_INT_CONVERSION = YES;
				CLANG_WARN_OBJC_ROOT_CLASS = YES_ERROR;
				CLANG_WARN_UNREACHABLE_CODE = YES;
				CLANG_WARN__DUPLICATE_METHOD_MATCH = YES;
				"CODE_SIGN_IDENTITY[sdk=iphoneos*]" = "iPhone Developer";
				COPY_PHASE_STRIP = NO;
				DEBUG_INFORMATION_FORMAT = "dwarf-with-dsym";
				ENABLE_NS_ASSERTIONS = NO;
				ENABLE_STRICT_OBJC_MSGSEND = YES;
				GCC_C_LANGUAGE_STANDARD = gnu99;
				GCC_NO_COMMON_BLOCKS = YES;
				GCC_WARN_64_TO_32_BIT_CONVERSION = YES;
				GCC_WARN_ABOUT_RETURN_TYPE = YES_ERROR;
				GCC_WARN_UNDECLARED_SELECTOR = YES;
				GCC_WARN_UNINITIALIZED_AUTOS = YES_AGGRESSIVE;
				GCC_WARN_UNUSED_FUNCTION = YES;
				GCC_WARN_UNUSED_VARIABLE = YES;
				IPHONEOS_DEPLOYMENT_TARGET = 9.3;
				MTL_ENABLE_DEBUG_INFO = NO;
				SDKROOT = iphoneos;
				TARGETED_DEVICE_FAMILY = "1,2";
				VALIDATE_PRODUCT = YES;
			};
			name = Release;
		};
		C7DA1AEF1CF466B4004C026B /* Debug */ = {
			isa = XCBuildConfiguration;
			baseConfigurationReference = 7B5630EBB6C7AE04DF453A10 /* Pods-Propty.debug.xcconfig */;
			buildSettings = {
				ASSETCATALOG_COMPILER_APPICON_NAME = AppIcon;
				CODE_SIGN_IDENTITY = "iPhone Developer";
				INFOPLIST_FILE = Propty/Info.plist;
				LD_RUNPATH_SEARCH_PATHS = "$(inherited) @executable_path/Frameworks";
				PRODUCT_BUNDLE_IDENTIFIER = com.propty.ios;
				PRODUCT_NAME = "$(TARGET_NAME)";
			};
			name = Debug;
		};
		C7DA1AF01CF466B4004C026B /* Release */ = {
			isa = XCBuildConfiguration;
			baseConfigurationReference = 62273DD3A36B3624681C12FB /* Pods-Propty.release.xcconfig */;
			buildSettings = {
				ASSETCATALOG_COMPILER_APPICON_NAME = AppIcon;
				CODE_SIGN_IDENTITY = "iPhone Developer";
				INFOPLIST_FILE = Propty/Info.plist;
				LD_RUNPATH_SEARCH_PATHS = "$(inherited) @executable_path/Frameworks";
				PRODUCT_BUNDLE_IDENTIFIER = com.propty.ios;
				PRODUCT_NAME = "$(TARGET_NAME)";
			};
			name = Release;
		};
/* End XCBuildConfiguration section */

/* Begin XCConfigurationList section */
		C7DA1AD21CF466B4004C026B /* Build configuration list for PBXProject "Propty" */ = {
			isa = XCConfigurationList;
			buildConfigurations = (
				C7DA1AEC1CF466B4004C026B /* Debug */,
				C7DA1AED1CF466B4004C026B /* Release */,
			);
			defaultConfigurationIsVisible = 0;
			defaultConfigurationName = Release;
		};
		C7DA1AEE1CF466B4004C026B /* Build configuration list for PBXNativeTarget "Propty" */ = {
			isa = XCConfigurationList;
			buildConfigurations = (
				C7DA1AEF1CF466B4004C026B /* Debug */,
				C7DA1AF01CF466B4004C026B /* Release */,
			);
			defaultConfigurationIsVisible = 0;
			defaultConfigurationName = Release;
		};
/* End XCConfigurationList section */

/* Begin XCVersionGroup section */
		C7DA1ADC1CF466B4004C026B /* Propty.xcdatamodeld */ = {
			isa = XCVersionGroup;
			children = (
				C7DA1ADD1CF466B4004C026B /* Propty.xcdatamodel */,
			);
			currentVersion = C7DA1ADD1CF466B4004C026B /* Propty.xcdatamodel */;
			path = Propty.xcdatamodeld;
			sourceTree = "<group>";
			versionGroupType = wrapper.xcdatamodel;
		};
/* End XCVersionGroup section */
	};
	rootObject = C7DA1ACF1CF466B4004C026B /* Project object */;
}
