// !$*UTF8*$!
{
	archiveVersion = 1;
	classes = {
	};
	objectVersion = 46;
	objects = {

/* Begin PBXBuildFile section */
		C7DA1ADB1CF466B4004C026B /* AppDelegate.swift in Sources */ = {isa = PBXBuildFile; fileRef = C7DA1ADA1CF466B4004C026B /* AppDelegate.swift */; };
		C7DA1ADE1CF466B4004C026B /* Propty.xcdatamodeld in Sources */ = {isa = PBXBuildFile; fileRef = C7DA1ADC1CF466B4004C026B /* Propty.xcdatamodeld */; };
		C7DA1AE01CF466B4004C026B /* MasterViewController.swift in Sources */ = {isa = PBXBuildFile; fileRef = C7DA1ADF1CF466B4004C026B /* MasterViewController.swift */; };
		C7DA1AE21CF466B4004C026B /* DetailViewController.swift in Sources */ = {isa = PBXBuildFile; fileRef = C7DA1AE11CF466B4004C026B /* DetailViewController.swift */; };
		C7DA1AE51CF466B4004C026B /* Main.storyboard in Resources */ = {isa = PBXBuildFile; fileRef = C7DA1AE31CF466B4004C026B /* Main.storyboard */; };
		C7DA1AE71CF466B4004C026B /* Assets.xcassets in Resources */ = {isa = PBXBuildFile; fileRef = C7DA1AE61CF466B4004C026B /* Assets.xcassets */; };
		C7DA1AEA1CF466B4004C026B /* LaunchScreen.storyboard in Resources */ = {isa = PBXBuildFile; fileRef = C7DA1AE81CF466B4004C026B /* LaunchScreen.storyboard */; };
/* End PBXBuildFile section */

/* Begin PBXFileReference section */
		C7DA1AD71CF466B4004C026B /* Propty.app */ = {isa = PBXFileReference; explicitFileType = wrapper.application; includeInIndex = 0; path = Propty.app; sourceTree = BUILT_PRODUCTS_DIR; };
		C7DA1ADA1CF466B4004C026B /* AppDelegate.swift */ = {isa = PBXFileReference; lastKnownFileType = sourcecode.swift; path = AppDelegate.swift; sourceTree = "<group>"; };
		C7DA1ADD1CF466B4004C026B /* Propty.xcdatamodel */ = {isa = PBXFileReference; lastKnownFileType = wrapper.xcdatamodel; path = Propty.xcdatamodel; sourceTree = "<group>"; };
		C7DA1ADF1CF466B4004C026B /* MasterViewController.swift */ = {isa = PBXFileReference; lastKnownFileType = sourcecode.swift; path = MasterViewController.swift; sourceTree = "<group>"; };
		C7DA1AE11CF466B4004C026B /* DetailViewController.swift */ = {isa = PBXFileReference; lastKnownFileType = sourcecode.swift; path = DetailViewController.swift; sourceTree = "<group>"; };
		C7DA1AE41CF466B4004C026B /* Base */ = {isa = PBXFileReference; lastKnownFileType = file.storyboard; name = Base; path = Base.lproj/Main.storyboard; sourceTree = "<group>"; };
		C7DA1AE61CF466B4004C026B /* Assets.xcassets */ = {isa = PBXFileReference; lastKnownFileType = folder.assetcatalog; path = Assets.xcassets; sourceTree = "<group>"; };
		C7DA1AE91CF466B4004C026B /* Base */ = {isa = PBXFileReference; lastKnownFileType = file.storyboard; name = Base; path = Base.lproj/LaunchScreen.storyboard; sourceTree = "<group>"; };
		C7DA1AEB1CF466B4004C026B /* Info.plist */ = {isa = PBXFileReference; lastKnownFileType = text.plist.xml; path = Info.plist; sourceTree = "<group>"; };
/* End PBXFileReference section */

/* Begin PBXFrameworksBuildPhase section */
		C7DA1AD41CF466B4004C026B /* Frameworks */ = {
			isa = PBXFrameworksBuildPhase;
			buildActionMask = 2147483647;
			files = (
			);
			runOnlyForDeploymentPostprocessing = 0;
		};
/* End PBXFrameworksBuildPhase section */

/* Begin PBXGroup section */
		C7DA1ACE1CF466B4004C026B = {
			isa = PBXGroup;
			children = (
				C7DA1AD91CF466B4004C026B /* Propty */,
				C7DA1AD81CF466B4004C026B /* Products */,
			);
			sourceTree = "<group>";
		};
		C7DA1AD81CF466B4004C026B /* Products */ = {
			isa = PBXGroup;
			children = (
				C7DA1AD71CF466B4004C026B /* Propty.app */,
			);
			name = Products;
			sourceTree = "<group>";
		};
		C7DA1AD91CF466B4004C026B /* Propty */ = {
			isa = PBXGroup;
			children = (
				C7DA1ADA1CF466B4004C026B /* AppDelegate.swift */,
				C7DA1ADF1CF466B4004C026B /* MasterViewController.swift */,
				C7DA1AE11CF466B4004C026B /* DetailViewController.swift */,
				C7DA1AE31CF466B4004C026B /* Main.storyboard */,
				C7DA1AE61CF466B4004C026B /* Assets.xcassets */,
				C7DA1AE81CF466B4004C026B /* LaunchScreen.storyboard */,
				C7DA1AEB1CF466B4004C026B /* Info.plist */,
				C7DA1ADC1CF466B4004C026B /* Propty.xcdatamodeld */,
			);
			path = Propty;
			sourceTree = "<group>";
		};
/* End PBXGroup section */

/* Begin PBXNativeTarget section */
		C7DA1AD61CF466B4004C026B /* Propty */ = {
			isa = PBXNativeTarget;
			buildConfigurationList = C7DA1AEE1CF466B4004C026B /* Build configuration list for PBXNativeTarget "Propty" */;
			buildPhases = (
				C7DA1AD31CF466B4004C026B /* Sources */,
				C7DA1AD41CF466B4004C026B /* Frameworks */,
				C7DA1AD51CF466B4004C026B /* Resources */,
			);
			buildRules = (
			);
			dependencies = (
			);
			name = Propty;
			productName = Propty;
			productReference = C7DA1AD71CF466B4004C026B /* Propty.app */;
			productType = "com.apple.product-type.application";
		};
/* End PBXNativeTarget section */

/* Begin PBXProject section */
		C7DA1ACF1CF466B4004C026B /* Project object */ = {
			isa = PBXProject;
			attributes = {
				LastSwiftUpdateCheck = 0730;
				LastUpgradeCheck = 0730;
				ORGANIZATIONNAME = "Alp Eren Can";
				TargetAttributes = {
					C7DA1AD61CF466B4004C026B = {
						CreatedOnToolsVersion = 7.3.1;
					};
				};
			};
			buildConfigurationList = C7DA1AD21CF466B4004C026B /* Build configuration list for PBXProject "Propty" */;
			compatibilityVersion = "Xcode 3.2";
			developmentRegion = English;
			hasScannedForEncodings = 0;
			knownRegions = (
				en,
				Base,
			);
			mainGroup = C7DA1ACE1CF466B4004C026B;
			productRefGroup = C7DA1AD81CF466B4004C026B /* Products */;
			projectDirPath = "";
			projectRoot = "";
			targets = (
				C7DA1AD61CF466B4004C026B /* Propty */,
			);
		};
/* End PBXProject section */

/* Begin PBXResourcesBuildPhase section */
		C7DA1AD51CF466B4004C026B /* Resources */ = {
			isa = PBXResourcesBuildPhase;
			buildActionMask = 2147483647;
			files = (
				C7DA1AEA1CF466B4004C026B /* LaunchScreen.storyboard in Resources */,
				C7DA1AE71CF466B4004C026B /* Assets.xcassets in Resources */,
				C7DA1AE51CF466B4004C026B /* Main.storyboard in Resources */,
			);
			runOnlyForDeploymentPostprocessing = 0;
		};
/* End PBXResourcesBuildPhase section */

/* Begin PBXSourcesBuildPhase section */
		C7DA1AD31CF466B4004C026B /* Sources */ = {
			isa = PBXSourcesBuildPhase;
			buildActionMask = 2147483647;
			files = (
				C7DA1ADB1CF466B4004C026B /* AppDelegate.swift in Sources */,
				C7DA1ADE1CF466B4004C026B /* Propty.xcdatamodeld in Sources */,
				C7DA1AE01CF466B4004C026B /* MasterViewController.swift in Sources */,
				C7DA1AE21CF466B4004C026B /* DetailViewController.swift in Sources */,
			);
			runOnlyForDeploymentPostprocessing = 0;
		};
/* End PBXSourcesBuildPhase section */

/* Begin PBXVariantGroup section */
		C7DA1AE31CF466B4004C026B /* Main.storyboard */ = {
			isa = PBXVariantGroup;
			children = (
				C7DA1AE41CF466B4004C026B /* Base */,
			);
			name = Main.storyboard;
			sourceTree = "<group>";
		};
		C7DA1AE81CF466B4004C026B /* LaunchScreen.storyboard */ = {
			isa = PBXVariantGroup;
			children = (
				C7DA1AE91CF466B4004C026B /* Base */,
			);
			name = LaunchScreen.storyboard;
			sourceTree = "<group>";
		};
/* End PBXVariantGroup section */

/* Begin XCBuildConfiguration section */
		C7DA1AEC1CF466B4004C026B /* Debug */ = {
			isa = XCBuildConfiguration;
			buildSettings = {
				ALWAYS_SEARCH_USER_PATHS = NO;
				CLANG_ANALYZER_NONNULL = YES;
				CLANG_CXX_LANGUAGE_STANDARD = "gnu++0x";
				CLANG_CXX_LIBRARY = "libc++";
				CLANG_ENABLE_MODULES = YES;
				CLANG_ENABLE_OBJC_ARC = YES;
				CLANG_WARN_BOOL_CONVERSION = YES;
				CLANG_WARN_CONSTANT_CONVERSION = YES;
				CLANG_WARN_DIRECT_OBJC_ISA_USAGE = YES_ERROR;
				CLANG_WARN_EMPTY_BODY = YES;
				CLANG_WARN_ENUM_CONVERSION = YES;
				CLANG_WARN_INT_CONVERSION = YES;
				CLANG_WARN_OBJC_ROOT_CLASS = YES_ERROR;
				CLANG_WARN_UNREACHABLE_CODE = YES;
				CLANG_WARN__DUPLICATE_METHOD_MATCH = YES;
				"CODE_SIGN_IDENTITY[sdk=iphoneos*]" = "iPhone Developer";
				COPY_PHASE_STRIP = NO;
				DEBUG_INFORMATION_FORMAT = dwarf;
				ENABLE_STRICT_OBJC_MSGSEND = YES;
				ENABLE_TESTABILITY = YES;
				GCC_C_LANGUAGE_STANDARD = gnu99;
				GCC_DYNAMIC_NO_PIC = NO;
				GCC_NO_COMMON_BLOCKS = YES;
				GCC_OPTIMIZATION_LEVEL = 0;
				GCC_PREPROCESSOR_DEFINITIONS = (
					"DEBUG=1",
					"$(inherited)",
				);
				GCC_WARN_64_TO_32_BIT_CONVERSION = YES;
				GCC_WARN_ABOUT_RETURN_TYPE = YES_ERROR;
				GCC_WARN_UNDECLARED_SELECTOR = YES;
				GCC_WARN_UNINITIALIZED_AUTOS = YES_AGGRESSIVE;
				GCC_WARN_UNUSED_FUNCTION = YES;
				GCC_WARN_UNUSED_VARIABLE = YES;
				IPHONEOS_DEPLOYMENT_TARGET = 9.3;
				MTL_ENABLE_DEBUG_INFO = YES;
				ONLY_ACTIVE_ARCH = YES;
				SDKROOT = iphoneos;
				SWIFT_OPTIMIZATION_LEVEL = "-Onone";
				TARGETED_DEVICE_FAMILY = "1,2";
			};
			name = Debug;
		};
		C7DA1AED1CF466B4004C026B /* Release */ = {
			isa = XCBuildConfiguration;
			buildSettings = {
				ALWAYS_SEARCH_USER_PATHS = NO;
				CLANG_ANALYZER_NONNULL = YES;
				CLANG_CXX_LANGUAGE_STANDARD = "gnu++0x";
				CLANG_CXX_LIBRARY = "libc++";
				CLANG_ENABLE_MODULES = YES;
				CLANG_ENABLE_OBJC_ARC = YES;
				CLANG_WARN_BOOL_CONVERSION = YES;
				CLANG_WARN_CONSTANT_CONVERSION = YES;
				CLANG_WARN_DIRECT_OBJC_ISA_USAGE = YES_ERROR;
				CLANG_WARN_EMPTY_BODY = YES;
				CLANG_WARN_ENUM_CONVERSION = YES;
				CLANG_WARN_INT_CONVERSION = YES;
				CLANG_WARN_OBJC_ROOT_CLASS = YES_ERROR;
				CLANG_WARN_UNREACHABLE_CODE = YES;
				CLANG_WARN__DUPLICATE_METHOD_MATCH = YES;
				"CODE_SIGN_IDENTITY[sdk=iphoneos*]" = "iPhone Developer";
				COPY_PHASE_STRIP = NO;
				DEBUG_INFORMATION_FORMAT = "dwarf-with-dsym";
				ENABLE_NS_ASSERTIONS = NO;
				ENABLE_STRICT_OBJC_MSGSEND = YES;
				GCC_C_LANGUAGE_STANDARD = gnu99;
				GCC_NO_COMMON_BLOCKS = YES;
				GCC_WARN_64_TO_32_BIT_CONVERSION = YES;
				GCC_WARN_ABOUT_RETURN_TYPE = YES_ERROR;
				GCC_WARN_UNDECLARED_SELECTOR = YES;
				GCC_WARN_UNINITIALIZED_AUTOS = YES_AGGRESSIVE;
				GCC_WARN_UNUSED_FUNCTION = YES;
				GCC_WARN_UNUSED_VARIABLE = YES;
				IPHONEOS_DEPLOYMENT_TARGET = 9.3;
				MTL_ENABLE_DEBUG_INFO = NO;
				SDKROOT = iphoneos;
				TARGETED_DEVICE_FAMILY = "1,2";
				VALIDATE_PRODUCT = YES;
			};
			name = Release;
		};
		C7DA1AEF1CF466B4004C026B /* Debug */ = {
			isa = XCBuildConfiguration;
			buildSettings = {
				ASSETCATALOG_COMPILER_APPICON_NAME = AppIcon;
				INFOPLIST_FILE = Propty/Info.plist;
				LD_RUNPATH_SEARCH_PATHS = "$(inherited) @executable_path/Frameworks";
				PRODUCT_BUNDLE_IDENTIFIER = com.alperencan.Propty;
				PRODUCT_NAME = "$(TARGET_NAME)";
			};
			name = Debug;
		};
		C7DA1AF01CF466B4004C026B /* Release */ = {
			isa = XCBuildConfiguration;
			buildSettings = {
				ASSETCATALOG_COMPILER_APPICON_NAME = AppIcon;
				INFOPLIST_FILE = Propty/Info.plist;
				LD_RUNPATH_SEARCH_PATHS = "$(inherited) @executable_path/Frameworks";
				PRODUCT_BUNDLE_IDENTIFIER = com.alperencan.Propty;
				PRODUCT_NAME = "$(TARGET_NAME)";
			};
			name = Release;
		};
/* End XCBuildConfiguration section */

/* Begin XCConfigurationList section */
		C7DA1AD21CF466B4004C026B /* Build configuration list for PBXProject "Propty" */ = {
			isa = XCConfigurationList;
			buildConfigurations = (
				C7DA1AEC1CF466B4004C026B /* Debug */,
				C7DA1AED1CF466B4004C026B /* Release */,
			);
			defaultConfigurationIsVisible = 0;
			defaultConfigurationName = Release;
		};
		C7DA1AEE1CF466B4004C026B /* Build configuration list for PBXNativeTarget "Propty" */ = {
			isa = XCConfigurationList;
			buildConfigurations = (
				C7DA1AEF1CF466B4004C026B /* Debug */,
				C7DA1AF01CF466B4004C026B /* Release */,
			);
			defaultConfigurationIsVisible = 0;
		};
/* End XCConfigurationList section */

/* Begin XCVersionGroup section */
		C7DA1ADC1CF466B4004C026B /* Propty.xcdatamodeld */ = {
			isa = XCVersionGroup;
			children = (
				C7DA1ADD1CF466B4004C026B /* Propty.xcdatamodel */,
			);
			currentVersion = C7DA1ADD1CF466B4004C026B /* Propty.xcdatamodel */;
			path = Propty.xcdatamodeld;
			sourceTree = "<group>";
			versionGroupType = wrapper.xcdatamodel;
		};
/* End XCVersionGroup section */
	};
	rootObject = C7DA1ACF1CF466B4004C026B /* Project object */;
}
